github.com/adnvilla/dispatcher-go v0.0.0-20241103221723-18dfc6126007 h1:D9vuFFdbSeD2xMQH3edbQMsSP6UxMYgISaONzkTC4T0=
github.com/adnvilla/dispatcher-go v0.0.0-20241103221723-18dfc6126007/go.mod h1:0yc2HUh10ukcnKLKIaVBfv8DcRRzK9JOoTsUltuYHBE=
github.com/adnvilla/dispatcher-go v0.0.1 h1:CjedHyyrbP2jZhQxbpkeNXYVg8hL2rhPiRzqvCq4LHk=
github.com/adnvilla/dispatcher-go v0.0.1/go.mod h1:0yc2HUh10ukcnKLKIaVBfv8DcRRzK9JOoTsUltuYHBE=
